
Microsoft Visual Studio Solution File, Format Version 12.00
# Visual Studio 15
VisualStudioVersion = 15.0.27130.2036
MinimumVisualStudioVersion = 10.0.40219.1
Project("{9A19103F-16F7-4668-BE54-9A1E7A4F7556}") = "DT1.Watchdog.Common", "DT1.Watchdog.Common\DT1.Watchdog.Common.csproj", "{482AA762-5EE9-45A5-8A15-103526B9B4DE}"
EndProject
Project("{9A19103F-16F7-4668-BE54-9A1E7A4F7556}") = "DT1.Watchdog", "DT1.Watchdog\DT1.Watchdog.csproj", "{F9097CC7-A290-48A7-B8D7-2BEC788E1942}"
EndProject
Project("{FAE04EC0-301F-11D3-BF4B-00C04F79EFBC}") = "DT1.Watchdog.Android", "DT1.Watchdog.Android\DT1.Watchdog.Android.csproj", "{1DEE5EC1-9EF2-4CD7-89E2-B061181FE3B7}"
EndProject
Global
	GlobalSection(SolutionConfigurationPlatforms) = preSolution
		Debug|Any CPU = Debug|Any CPU
		Release|Any CPU = Release|Any CPU
	EndGlobalSection
	GlobalSection(ProjectConfigurationPlatforms) = postSolution
		{482AA762-5EE9-45A5-8A15-103526B9B4DE}.Debug|Any CPU.ActiveCfg = Debug|Any CPU
		{482AA762-5EE9-45A5-8A15-103526B9B4DE}.Debug|Any CPU.Build.0 = Debug|Any CPU
		{482AA762-5EE9-45A5-8A15-103526B9B4DE}.Release|Any CPU.ActiveCfg = Release|Any CPU
		{482AA762-5EE9-45A5-8A15-103526B9B4DE}.Release|Any CPU.Build.0 = Release|Any CPU
		{F9097CC7-A290-48A7-B8D7-2BEC788E1942}.Debug|Any CPU.ActiveCfg = Debug|Any CPU
		{F9097CC7-A290-48A7-B8D7-2BEC788E1942}.Debug|Any CPU.Build.0 = Debug|Any CPU
		{F9097CC7-A290-48A7-B8D7-2BEC788E1942}.Release|Any CPU.ActiveCfg = Release|Any CPU
		{F9097CC7-A290-48A7-B8D7-2BEC788E1942}.Release|Any CPU.Build.0 = Release|Any CPU
		{1DEE5EC1-9EF2-4CD7-89E2-B061181FE3B7}.Debug|Any CPU.ActiveCfg = Debug|Any CPU
		{1DEE5EC1-9EF2-4CD7-89E2-B061181FE3B7}.Debug|Any CPU.Build.0 = Debug|Any CPU
		{1DEE5EC1-9EF2-4CD7-89E2-B061181FE3B7}.Debug|Any CPU.Deploy.0 = Debug|Any CPU
		{1DEE5EC1-9EF2-4CD7-89E2-B061181FE3B7}.Release|Any CPU.ActiveCfg = Release|Any CPU
		{1DEE5EC1-9EF2-4CD7-89E2-B061181FE3B7}.Release|Any CPU.Build.0 = Release|Any CPU
		{1DEE5EC1-9EF2-4CD7-89E2-B061181FE3B7}.Release|Any CPU.Deploy.0 = Release|Any CPU
	EndGlobalSection
	GlobalSection(SolutionProperties) = preSolution
		HideSolutionNode = FALSE
	EndGlobalSection
	GlobalSection(ExtensibilityGlobals) = postSolution
		SolutionGuid = {4990BC81-2962-4D1B-A3B6-7DB07FAA7F93}
	EndGlobalSection
EndGlobal
